{
  "version": 4,
  "terraform_version": "1.3.5",
  "serial": 1,
  "lineage": "9580a6f4-5c5b-34a4-f486-c95a420bd534",
  "outputs": {},
  "resources": [
    {
      "mode": "managed",
      "type": "local_file",
      "name": "textfile",
      "provider": "provider[\"registry.terraform.io/hashicorp/local\"]",
      "instances": [
        {
          "schema_version": 0,
          "attributes": {
            "content": "it is a test terraform file",
            "content_base64": null,
            "directory_permission": "0777",
            "file_permission": "0777",
            "filename": "c:/shan/samplefile1.text",
            "id": "ea018a9720c62277e4bd194c4c8873e87dcecb04",
            "sensitive_content": null,
            "source": null
          },
          "sensitive_attributes": [],
          "private": "bnVsbA=="
        }
      ]
    }
  ],
  "check_results": null
}
